<?xml version="1.0" encoding="utf-8"?>
<Project ToolsVersion="4.0" xmlns="http://schemas.microsoft.com/developer/msbuild/2003">
  <ItemGroup>
    <Filter Include="소스 파일">
      <UniqueIdentifier>{4FC737F1-C7A5-4376-A066-2A32D752A2FF}</UniqueIdentifier>
      <Extensions>cpp;c;cc;cxx;def;odl;idl;hpj;bat;asm;asmx</Extensions>
    </Filter>
    <Filter Include="헤더 파일">
      <UniqueIdentifier>{93995380-89BD-4b04-88EB-625FBE52EBFB}</UniqueIdentifier>
      <Extensions>h;hh;hpp;hxx;hm;inl;inc;ipp;xsd</Extensions>
    </Filter>
    <Filter Include="리소스 파일">
      <UniqueIdentifier>{67DA6AB6-F800-4c08-8B7A-83BB121AAD01}</UniqueIdentifier>
      <Extensions>rc;ico;cur;bmp;dlg;rc2;rct;bin;rgs;gif;jpg;jpeg;jpe;resx;tiff;tif;png;wav;mfcribbon-ms</Extensions>
    </Filter>
    <Filter Include="소스 파일\BOJ">
      <UniqueIdentifier>{f52bff1f-c7b3-467e-8cc4-2e51bfe0fc4c}</UniqueIdentifier>
    </Filter>
    <Filter Include="소스 파일\SWEA">
      <UniqueIdentifier>{05ca3e0e-542a-4012-88e2-2b9102e3d260}</UniqueIdentifier>
    </Filter>
    <Filter Include="소스 파일\Inflearn">
      <UniqueIdentifier>{ab3f6fc2-a7fd-4305-a11b-e60b6dacdf41}</UniqueIdentifier>
    </Filter>
  </ItemGroup>
  <ItemGroup>
    <ClCompile Include="BOJ\9662_front.cpp">
      <Filter>소스 파일\BOJ</Filter>
    </ClCompile>
    <ClCompile Include="BOJ\9662_mid.cpp">
      <Filter>소스 파일\BOJ</Filter>
    </ClCompile>
    <ClCompile Include="BOJ\13705_1.cpp">
      <Filter>소스 파일\BOJ</Filter>
    </ClCompile>
    <ClCompile Include="BOJ\13705_2.cpp">
      <Filter>소스 파일\BOJ</Filter>
    </ClCompile>
    <ClCompile Include="BOJ\BOJ_1003.cpp">
      <Filter>소스 파일\BOJ</Filter>
    </ClCompile>
    <ClCompile Include="BOJ\BOJ_1615.cpp">
      <Filter>소스 파일\BOJ</Filter>
    </ClCompile>
    <ClCompile Include="BOJ\BOJ_1615_2.cpp">
      <Filter>소스 파일\BOJ</Filter>
    </ClCompile>
    <ClCompile Include="BOJ\BOJ_1904.cpp">
      <Filter>소스 파일\BOJ</Filter>
    </ClCompile>
    <ClCompile Include="BOJ\BOJ_2748.cpp">
      <Filter>소스 파일\BOJ</Filter>
    </ClCompile>
    <ClCompile Include="BOJ\BOJ_3777.cpp">
      <Filter>소스 파일\BOJ</Filter>
    </ClCompile>
    <ClCompile Include="BOJ\BOJ_3777_2.cpp">
      <Filter>소스 파일\BOJ</Filter>
    </ClCompile>
    <ClCompile Include="BOJ\BOJ_9203.cpp">
      <Filter>소스 파일\BOJ</Filter>
    </ClCompile>
    <ClCompile Include="BOJ\BOJ_9416.cpp">
      <Filter>소스 파일\BOJ</Filter>
    </ClCompile>
    <ClCompile Include="BOJ\BOJ_11725.cpp">
      <Filter>소스 파일\BOJ</Filter>
    </ClCompile>
    <ClCompile Include="BOJ\BOJ_11728.cpp">
      <Filter>소스 파일\BOJ</Filter>
    </ClCompile>
    <ClCompile Include="BOJ\BOJ_12781.cpp">
      <Filter>소스 파일\BOJ</Filter>
    </ClCompile>
    <ClCompile Include="BOJ\BOJ_17614.cpp">
      <Filter>소스 파일\BOJ</Filter>
    </ClCompile>
    <ClCompile Include="BOJ\test.cpp">
      <Filter>소스 파일\BOJ</Filter>
    </ClCompile>
    <ClCompile Include="BOJ\BOJ_1463.cpp">
      <Filter>소스 파일\BOJ</Filter>
    </ClCompile>
    <ClCompile Include="AA.cpp">
      <Filter>소스 파일\BOJ</Filter>
    </ClCompile>
    <ClCompile Include="Q14.cpp">
      <Filter>소스 파일\Inflearn</Filter>
    </ClCompile>
    <ClCompile Include="Q15.cpp">
      <Filter>소스 파일\Inflearn</Filter>
    </ClCompile>
    <ClCompile Include="Q16.cpp">
      <Filter>소스 파일\Inflearn</Filter>
    </ClCompile>
    <ClCompile Include="init.cpp">
      <Filter>소스 파일\Inflearn</Filter>
    </ClCompile>
    <ClCompile Include="Q17.cpp">
      <Filter>소스 파일\Inflearn</Filter>
    </ClCompile>
    <ClCompile Include="Q18.cpp">
      <Filter>소스 파일\Inflearn</Filter>
    </ClCompile>
    <ClCompile Include="Q19.cpp">
      <Filter>소스 파일\Inflearn</Filter>
    </ClCompile>
    <ClCompile Include="Q20.cpp">
      <Filter>소스 파일\Inflearn</Filter>
    </ClCompile>
    <ClCompile Include="Q21.cpp">
      <Filter>소스 파일\Inflearn</Filter>
    </ClCompile>
    <ClCompile Include="Q22.cpp">
      <Filter>소스 파일\Inflearn</Filter>
    </ClCompile>
    <ClCompile Include="Q23.cpp">
      <Filter>소스 파일\Inflearn</Filter>
    </ClCompile>
    <ClCompile Include="Q24.cpp">
      <Filter>소스 파일\Inflearn</Filter>
    </ClCompile>
    <ClCompile Include="Q25.cpp">
      <Filter>소스 파일\Inflearn</Filter>
    </ClCompile>
    <ClCompile Include="Q26.cpp">
      <Filter>소스 파일\Inflearn</Filter>
    </ClCompile>
    <ClCompile Include="Q27.cpp">
      <Filter>소스 파일\Inflearn</Filter>
    </ClCompile>
    <ClCompile Include="Q28.cpp">
      <Filter>소스 파일\Inflearn</Filter>
    </ClCompile>
    <ClCompile Include="Q29.cpp">
      <Filter>소스 파일\Inflearn</Filter>
    </ClCompile>
    <ClCompile Include="Q30.cpp">
      <Filter>소스 파일\Inflearn</Filter>
    </ClCompile>
    <ClCompile Include="Q31.cpp">
      <Filter>소스 파일\Inflearn</Filter>
    </ClCompile>
    <ClCompile Include="Q32.cpp">
      <Filter>소스 파일\Inflearn</Filter>
    </ClCompile>
    <ClCompile Include="Q33.cpp">
      <Filter>소스 파일\Inflearn</Filter>
    </ClCompile>
    <ClCompile Include="Q34.cpp">
      <Filter>소스 파일\Inflearn</Filter>
    </ClCompile>
    <ClCompile Include="Q35.cpp">
      <Filter>소스 파일\Inflearn</Filter>
    </ClCompile>
    <ClCompile Include="Q36.cpp">
      <Filter>소스 파일\Inflearn</Filter>
    </ClCompile>
    <ClCompile Include="Q37.cpp">
      <Filter>소스 파일\Inflearn</Filter>
    </ClCompile>
    <ClCompile Include="Q38.cpp">
      <Filter>소스 파일\Inflearn</Filter>
    </ClCompile>
  </ItemGroup>
  <ItemGroup>
    <None Include="SWEA\Solution1204.java">
      <Filter>소스 파일\SWEA</Filter>
    </None>
    <None Include="SWEA\Solution1240.java">
      <Filter>소스 파일\SWEA</Filter>
    </None>
    <None Include="SWEA\Solution1242.java">
      <Filter>소스 파일\SWEA</Filter>
    </None>
    <None Include="SWEA\Solution1961.java">
      <Filter>소스 파일\SWEA</Filter>
    </None>
    <None Include="SWEA\Solution2046.java">
      <Filter>소스 파일\SWEA</Filter>
    </None>
    <None Include="SWEA\Solution2047.java">
      <Filter>소스 파일\SWEA</Filter>
    </None>
    <None Include="SWEA\Solution2819.java">
      <Filter>소스 파일\SWEA</Filter>
    </None>
    <None Include="SWEA\Solution4613.java">
      <Filter>소스 파일\SWEA</Filter>
    </None>
    <None Include="SWEA\Solution4615.java">
      <Filter>소스 파일\SWEA</Filter>
    </None>
  </ItemGroup>
  <ItemGroup>
    <Text Include="input.txt">
      <Filter>리소스 파일</Filter>
    </Text>
  </ItemGroup>
</Project>