
Microsoft Visual Studio Solution File, Format Version 12.00
# Visual Studio Version 16
VisualStudioVersion = 16.0.29806.167
MinimumVisualStudioVersion = 10.0.40219.1
Project("{8BC9CEB8-8B4A-11D0-8D11-00A0C91BC942}") = "PS_Study", "PS_Study\PS_Study.vcxproj", "{D8278FBD-DF81-42A0-9585-853E1AE76BED}"
EndProject
Global
	GlobalSection(SolutionConfigurationPlatforms) = preSolution
		Debug|x64 = Debug|x64
		Debug|x86 = Debug|x86
		Release|x64 = Release|x64
		Release|x86 = Release|x86
	EndGlobalSection
	GlobalSection(ProjectConfigurationPlatforms) = postSolution
		{D8278FBD-DF81-42A0-9585-853E1AE76BED}.Debug|x64.ActiveCfg = Debug|x64
		{D8278FBD-DF81-42A0-9585-853E1AE76BED}.Debug|x64.Build.0 = Debug|x64
		{D8278FBD-DF81-42A0-9585-853E1AE76BED}.Debug|x86.ActiveCfg = Debug|Win32
		{D8278FBD-DF81-42A0-9585-853E1AE76BED}.Debug|x86.Build.0 = Debug|Win32
		{D8278FBD-DF81-42A0-9585-853E1AE76BED}.Release|x64.ActiveCfg = Release|x64
		{D8278FBD-DF81-42A0-9585-853E1AE76BED}.Release|x64.Build.0 = Release|x64
		{D8278FBD-DF81-42A0-9585-853E1AE76BED}.Release|x86.ActiveCfg = Release|Win32
		{D8278FBD-DF81-42A0-9585-853E1AE76BED}.Release|x86.Build.0 = Release|Win32
	EndGlobalSection
	GlobalSection(SolutionProperties) = preSolution
		HideSolutionNode = FALSE
	EndGlobalSection
	GlobalSection(ExtensibilityGlobals) = postSolution
		SolutionGuid = {ADD1E53C-14DF-414B-8363-47B28D2AB11C}
	EndGlobalSection
EndGlobal
